// !$*UTF8*$!
{
	archiveVersion = 1;
	classes = {
	};
	objectVersion = 46;
	objects = {

/* Begin PBXBuildFile section */
		C42652B91CD8081300F55843 /* AppDelegate.swift in Sources */ = {isa = PBXBuildFile; fileRef = C42652B81CD8081300F55843 /* AppDelegate.swift */; };
		C42652BB1CD8081300F55843 /* ViewController.swift in Sources */ = {isa = PBXBuildFile; fileRef = C42652BA1CD8081300F55843 /* ViewController.swift */; };
		C42652BE1CD8081300F55843 /* Main.storyboard in Resources */ = {isa = PBXBuildFile; fileRef = C42652BC1CD8081300F55843 /* Main.storyboard */; };
		C42652C01CD8081300F55843 /* Assets.xcassets in Resources */ = {isa = PBXBuildFile; fileRef = C42652BF1CD8081300F55843 /* Assets.xcassets */; };
		C42652C31CD8081300F55843 /* LaunchScreen.storyboard in Resources */ = {isa = PBXBuildFile; fileRef = C42652C11CD8081300F55843 /* LaunchScreen.storyboard */; };
		C42652CE1CD8081300F55843 /* ColorSliderTests.swift in Sources */ = {isa = PBXBuildFile; fileRef = C42652CD1CD8081300F55843 /* ColorSliderTests.swift */; };
		C42652D91CD8081300F55843 /* ColorSliderUITests.swift in Sources */ = {isa = PBXBuildFile; fileRef = C42652D81CD8081300F55843 /* ColorSliderUITests.swift */; };
/* End PBXBuildFile section */

/* Begin PBXContainerItemProxy section */
		C42652CA1CD8081300F55843 /* PBXContainerItemProxy */ = {
			isa = PBXContainerItemProxy;
			containerPortal = C42652AD1CD8081300F55843 /* Project object */;
			proxyType = 1;
			remoteGlobalIDString = C42652B41CD8081300F55843;
			remoteInfo = ColorSlider;
		};
		C42652D51CD8081300F55843 /* PBXContainerItemProxy */ = {
			isa = PBXContainerItemProxy;
			containerPortal = C42652AD1CD8081300F55843 /* Project object */;
			proxyType = 1;
			remoteGlobalIDString = C42652B41CD8081300F55843;
			remoteInfo = ColorSlider;
		};
/* End PBXContainerItemProxy section */

/* Begin PBXFileReference section */
		C42652B51CD8081300F55843 /* ColorSlider.app */ = {isa = PBXFileReference; explicitFileType = wrapper.application; includeInIndex = 0; path = ColorSlider.app; sourceTree = BUILT_PRODUCTS_DIR; };
		C42652B81CD8081300F55843 /* AppDelegate.swift */ = {isa = PBXFileReference; lastKnownFileType = sourcecode.swift; path = AppDelegate.swift; sourceTree = "<group>"; };
		C42652BA1CD8081300F55843 /* ViewController.swift */ = {isa = PBXFileReference; lastKnownFileType = sourcecode.swift; path = ViewController.swift; sourceTree = "<group>"; };
		C42652BD1CD8081300F55843 /* Base */ = {isa = PBXFileReference; lastKnownFileType = file.storyboard; name = Base; path = Base.lproj/Main.storyboard; sourceTree = "<group>"; };
		C42652BF1CD8081300F55843 /* Assets.xcassets */ = {isa = PBXFileReference; lastKnownFileType = folder.assetcatalog; path = Assets.xcassets; sourceTree = "<group>"; };
		C42652C21CD8081300F55843 /* Base */ = {isa = PBXFileReference; lastKnownFileType = file.storyboard; name = Base; path = Base.lproj/LaunchScreen.storyboard; sourceTree = "<group>"; };
		C42652C41CD8081300F55843 /* Info.plist */ = {isa = PBXFileReference; lastKnownFileType = text.plist.xml; path = Info.plist; sourceTree = "<group>"; };
		C42652C91CD8081300F55843 /* ColorSliderTests.xctest */ = {isa = PBXFileReference; explicitFileType = wrapper.cfbundle; includeInIndex = 0; path = ColorSliderTests.xctest; sourceTree = BUILT_PRODUCTS_DIR; };
		C42652CD1CD8081300F55843 /* ColorSliderTests.swift */ = {isa = PBXFileReference; lastKnownFileType = sourcecode.swift; path = ColorSliderTests.swift; sourceTree = "<group>"; };
		C42652CF1CD8081300F55843 /* Info.plist */ = {isa = PBXFileReference; lastKnownFileType = text.plist.xml; path = Info.plist; sourceTree = "<group>"; };
		C42652D41CD8081300F55843 /* ColorSliderUITests.xctest */ = {isa = PBXFileReference; explicitFileType = wrapper.cfbundle; includeInIndex = 0; path = ColorSliderUITests.xctest; sourceTree = BUILT_PRODUCTS_DIR; };
		C42652D81CD8081300F55843 /* ColorSliderUITests.swift */ = {isa = PBXFileReference; lastKnownFileType = sourcecode.swift; path = ColorSliderUITests.swift; sourceTree = "<group>"; };
		C42652DA1CD8081300F55843 /* Info.plist */ = {isa = PBXFileReference; lastKnownFileType = text.plist.xml; path = Info.plist; sourceTree = "<group>"; };
/* End PBXFileReference section */

/* Begin PBXFrameworksBuildPhase section */
		C42652B21CD8081300F55843 /* Frameworks */ = {
			isa = PBXFrameworksBuildPhase;
			buildActionMask = 2147483647;
			files = (
			);
			runOnlyForDeploymentPostprocessing = 0;
		};
		C42652C61CD8081300F55843 /* Frameworks */ = {
			isa = PBXFrameworksBuildPhase;
			buildActionMask = 2147483647;
			files = (
			);
			runOnlyForDeploymentPostprocessing = 0;
		};
		C42652D11CD8081300F55843 /* Frameworks */ = {
			isa = PBXFrameworksBuildPhase;
			buildActionMask = 2147483647;
			files = (
			);
			runOnlyForDeploymentPostprocessing = 0;
		};
/* End PBXFrameworksBuildPhase section */

/* Begin PBXGroup section */
		C42652AC1CD8081300F55843 = {
			isa = PBXGroup;
			children = (
				C42652B71CD8081300F55843 /* ColorSlider */,
				C42652CC1CD8081300F55843 /* ColorSliderTests */,
				C42652D71CD8081300F55843 /* ColorSliderUITests */,
				C42652B61CD8081300F55843 /* Products */,
			);
			sourceTree = "<group>";
		};
		C42652B61CD8081300F55843 /* Products */ = {
			isa = PBXGroup;
			children = (
				C42652B51CD8081300F55843 /* ColorSlider.app */,
				C42652C91CD8081300F55843 /* ColorSliderTests.xctest */,
				C42652D41CD8081300F55843 /* ColorSliderUITests.xctest */,
			);
			name = Products;
			sourceTree = "<group>";
		};
		C42652B71CD8081300F55843 /* ColorSlider */ = {
			isa = PBXGroup;
			children = (
				C42652B81CD8081300F55843 /* AppDelegate.swift */,
				C42652BA1CD8081300F55843 /* ViewController.swift */,
				C42652BC1CD8081300F55843 /* Main.storyboard */,
				C42652BF1CD8081300F55843 /* Assets.xcassets */,
				C42652C11CD8081300F55843 /* LaunchScreen.storyboard */,
				C42652C41CD8081300F55843 /* Info.plist */,
			);
			path = ColorSlider;
			sourceTree = "<group>";
		};
		C42652CC1CD8081300F55843 /* ColorSliderTests */ = {
			isa = PBXGroup;
			children = (
				C42652CD1CD8081300F55843 /* ColorSliderTests.swift */,
				C42652CF1CD8081300F55843 /* Info.plist */,
			);
			path = ColorSliderTests;
			sourceTree = "<group>";
		};
		C42652D71CD8081300F55843 /* ColorSliderUITests */ = {
			isa = PBXGroup;
			children = (
				C42652D81CD8081300F55843 /* ColorSliderUITests.swift */,
				C42652DA1CD8081300F55843 /* Info.plist */,
			);
			path = ColorSliderUITests;
			sourceTree = "<group>";
		};
/* End PBXGroup section */

/* Begin PBXNativeTarget section */
		C42652B41CD8081300F55843 /* ColorSlider */ = {
			isa = PBXNativeTarget;
			buildConfigurationList = C42652DD1CD8081300F55843 /* Build configuration list for PBXNativeTarget "ColorSlider" */;
			buildPhases = (
				C42652B11CD8081300F55843 /* Sources */,
				C42652B21CD8081300F55843 /* Frameworks */,
				C42652B31CD8081300F55843 /* Resources */,
			);
			buildRules = (
			);
			dependencies = (
			);
			name = ColorSlider;
			productName = ColorSlider;
			productReference = C42652B51CD8081300F55843 /* ColorSlider.app */;
			productType = "com.apple.product-type.application";
		};
		C42652C81CD8081300F55843 /* ColorSliderTests */ = {
			isa = PBXNativeTarget;
			buildConfigurationList = C42652E01CD8081300F55843 /* Build configuration list for PBXNativeTarget "ColorSliderTests" */;
			buildPhases = (
				C42652C51CD8081300F55843 /* Sources */,
				C42652C61CD8081300F55843 /* Frameworks */,
				C42652C71CD8081300F55843 /* Resources */,
			);
			buildRules = (
			);
			dependencies = (
				C42652CB1CD8081300F55843 /* PBXTargetDependency */,
			);
			name = ColorSliderTests;
			productName = ColorSliderTests;
			productReference = C42652C91CD8081300F55843 /* ColorSliderTests.xctest */;
			productType = "com.apple.product-type.bundle.unit-test";
		};
		C42652D31CD8081300F55843 /* ColorSliderUITests */ = {
			isa = PBXNativeTarget;
			buildConfigurationList = C42652E31CD8081300F55843 /* Build configuration list for PBXNativeTarget "ColorSliderUITests" */;
			buildPhases = (
				C42652D01CD8081300F55843 /* Sources */,
				C42652D11CD8081300F55843 /* Frameworks */,
				C42652D21CD8081300F55843 /* Resources */,
			);
			buildRules = (
			);
			dependencies = (
				C42652D61CD8081300F55843 /* PBXTargetDependency */,
			);
			name = ColorSliderUITests;
			productName = ColorSliderUITests;
			productReference = C42652D41CD8081300F55843 /* ColorSliderUITests.xctest */;
			productType = "com.apple.product-type.bundle.ui-testing";
		};
/* End PBXNativeTarget section */

/* Begin PBXProject section */
		C42652AD1CD8081300F55843 /* Project object */ = {
			isa = PBXProject;
			attributes = {
				LastSwiftUpdateCheck = 0730;
				LastUpgradeCheck = 0730;
				ORGANIZATIONNAME = "CURTIS MCMILLIN";
				TargetAttributes = {
					C42652B41CD8081300F55843 = {
						CreatedOnToolsVersion = 7.3;
					};
					C42652C81CD8081300F55843 = {
						CreatedOnToolsVersion = 7.3;
						TestTargetID = C42652B41CD8081300F55843;
					};
					C42652D31CD8081300F55843 = {
						CreatedOnToolsVersion = 7.3;
						TestTargetID = C42652B41CD8081300F55843;
					};
				};
			};
			buildConfigurationList = C42652B01CD8081300F55843 /* Build configuration list for PBXProject "ColorSlider" */;
			compatibilityVersion = "Xcode 3.2";
			developmentRegion = English;
			hasScannedForEncodings = 0;
			knownRegions = (
				en,
				Base,
			);
			mainGroup = C42652AC1CD8081300F55843;
			productRefGroup = C42652B61CD8081300F55843 /* Products */;
			projectDirPath = "";
			projectRoot = "";
			targets = (
				C42652B41CD8081300F55843 /* ColorSlider */,
				C42652C81CD8081300F55843 /* ColorSliderTests */,
				C42652D31CD8081300F55843 /* ColorSliderUITests */,
			);
		};
/* End PBXProject section */

/* Begin PBXResourcesBuildPhase section */
		C42652B31CD8081300F55843 /* Resources */ = {
			isa = PBXResourcesBuildPhase;
			buildActionMask = 2147483647;
			files = (
				C42652C31CD8081300F55843 /* LaunchScreen.storyboard in Resources */,
				C42652C01CD8081300F55843 /* Assets.xcassets in Resources */,
				C42652BE1CD8081300F55843 /* Main.storyboard in Resources */,
			);
			runOnlyForDeploymentPostprocessing = 0;
		};
		C42652C71CD8081300F55843 /* Resources */ = {
			isa = PBXResourcesBuildPhase;
			buildActionMask = 2147483647;
			files = (
			);
			runOnlyForDeploymentPostprocessing = 0;
		};
		C42652D21CD8081300F55843 /* Resources */ = {
			isa = PBXResourcesBuildPhase;
			buildActionMask = 2147483647;
			files = (
			);
			runOnlyForDeploymentPostprocessing = 0;
		};
/* End PBXResourcesBuildPhase section */

/* Begin PBXSourcesBuildPhase section */
		C42652B11CD8081300F55843 /* Sources */ = {
			isa = PBXSourcesBuildPhase;
			buildActionMask = 2147483647;
			files = (
				C42652BB1CD8081300F55843 /* ViewController.swift in Sources */,
				C42652B91CD8081300F55843 /* AppDelegate.swift in Sources */,
			);
			runOnlyForDeploymentPostprocessing = 0;
		};
		C42652C51CD8081300F55843 /* Sources */ = {
			isa = PBXSourcesBuildPhase;
			buildActionMask = 2147483647;
			files = (
				C42652CE1CD8081300F55843 /* ColorSliderTests.swift in Sources */,
			);
			runOnlyForDeploymentPostprocessing = 0;
		};
		C42652D01CD8081300F55843 /* Sources */ = {
			isa = PBXSourcesBuildPhase;
			buildActionMask = 2147483647;
			files = (
				C42652D91CD8081300F55843 /* ColorSliderUITests.swift in Sources */,
			);
			runOnlyForDeploymentPostprocessing = 0;
		};
/* End PBXSourcesBuildPhase section */

/* Begin PBXTargetDependency section */
		C42652CB1CD8081300F55843 /* PBXTargetDependency */ = {
			isa = PBXTargetDependency;
			target = C42652B41CD8081300F55843 /* ColorSlider */;
			targetProxy = C42652CA1CD8081300F55843 /* PBXContainerItemProxy */;
		};
		C42652D61CD8081300F55843 /* PBXTargetDependency */ = {
			isa = PBXTargetDependency;
			target = C42652B41CD8081300F55843 /* ColorSlider */;
			targetProxy = C42652D51CD8081300F55843 /* PBXContainerItemProxy */;
		};
/* End PBXTargetDependency section */

/* Begin PBXVariantGroup section */
		C42652BC1CD8081300F55843 /* Main.storyboard */ = {
			isa = PBXVariantGroup;
			children = (
				C42652BD1CD8081300F55843 /* Base */,
			);
			name = Main.storyboard;
			sourceTree = "<group>";
		};
		C42652C11CD8081300F55843 /* LaunchScreen.storyboard */ = {
			isa = PBXVariantGroup;
			children = (
				C42652C21CD8081300F55843 /* Base */,
			);
			name = LaunchScreen.storyboard;
			sourceTree = "<group>";
		};
/* End PBXVariantGroup section */

/* Begin XCBuildConfiguration section */
		C42652DB1CD8081300F55843 /* Debug */ = {
			isa = XCBuildConfiguration;
			buildSettings = {
				ALWAYS_SEARCH_USER_PATHS = NO;
				CLANG_ANALYZER_NONNULL = YES;
				CLANG_CXX_LANGUAGE_STANDARD = "gnu++0x";
				CLANG_CXX_LIBRARY = "libc++";
				CLANG_ENABLE_MODULES = YES;
				CLANG_ENABLE_OBJC_ARC = YES;
				CLANG_WARN_BOOL_CONVERSION = YES;
				CLANG_WARN_CONSTANT_CONVERSION = YES;
				CLANG_WARN_DIRECT_OBJC_ISA_USAGE = YES_ERROR;
				CLANG_WARN_EMPTY_BODY = YES;
				CLANG_WARN_ENUM_CONVERSION = YES;
				CLANG_WARN_INT_CONVERSION = YES;
				CLANG_WARN_OBJC_ROOT_CLASS = YES_ERROR;
				CLANG_WARN_UNREACHABLE_CODE = YES;
				CLANG_WARN__DUPLICATE_METHOD_MATCH = YES;
				"CODE_SIGN_IDENTITY[sdk=iphoneos*]" = "iPhone Developer";
				COPY_PHASE_STRIP = NO;
				DEBUG_INFORMATION_FORMAT = dwarf;
				ENABLE_STRICT_OBJC_MSGSEND = YES;
				ENABLE_TESTABILITY = YES;
				GCC_C_LANGUAGE_STANDARD = gnu99;
				GCC_DYNAMIC_NO_PIC = NO;
				GCC_NO_COMMON_BLOCKS = YES;
				GCC_OPTIMIZATION_LEVEL = 0;
				GCC_PREPROCESSOR_DEFINITIONS = (
					"DEBUG=1",
					"$(inherited)",
				);
				GCC_WARN_64_TO_32_BIT_CONVERSION = YES;
				GCC_WARN_ABOUT_RETURN_TYPE = YES_ERROR;
				GCC_WARN_UNDECLARED_SELECTOR = YES;
				GCC_WARN_UNINITIALIZED_AUTOS = YES_AGGRESSIVE;
				GCC_WARN_UNUSED_FUNCTION = YES;
				GCC_WARN_UNUSED_VARIABLE = YES;
				IPHONEOS_DEPLOYMENT_TARGET = 9.3;
				MTL_ENABLE_DEBUG_INFO = YES;
				ONLY_ACTIVE_ARCH = YES;
				SDKROOT = iphoneos;
				SWIFT_OPTIMIZATION_LEVEL = "-Onone";
				TARGETED_DEVICE_FAMILY = "1,2";
			};
			name = Debug;
		};
		C42652DC1CD8081300F55843 /* Release */ = {
			isa = XCBuildConfiguration;
			buildSettings = {
				ALWAYS_SEARCH_USER_PATHS = NO;
				CLANG_ANALYZER_NONNULL = YES;
				CLANG_CXX_LANGUAGE_STANDARD = "gnu++0x";
				CLANG_CXX_LIBRARY = "libc++";
				CLANG_ENABLE_MODULES = YES;
				CLANG_ENABLE_OBJC_ARC = YES;
				CLANG_WARN_BOOL_CONVERSION = YES;
				CLANG_WARN_CONSTANT_CONVERSION = YES;
				CLANG_WARN_DIRECT_OBJC_ISA_USAGE = YES_ERROR;
				CLANG_WARN_EMPTY_BODY = YES;
				CLANG_WARN_ENUM_CONVERSION = YES;
				CLANG_WARN_INT_CONVERSION = YES;
				CLANG_WARN_OBJC_ROOT_CLASS = YES_ERROR;
				CLANG_WARN_UNREACHABLE_CODE = YES;
				CLANG_WARN__DUPLICATE_METHOD_MATCH = YES;
				"CODE_SIGN_IDENTITY[sdk=iphoneos*]" = "iPhone Developer";
				COPY_PHASE_STRIP = NO;
				DEBUG_INFORMATION_FORMAT = "dwarf-with-dsym";
				ENABLE_NS_ASSERTIONS = NO;
				ENABLE_STRICT_OBJC_MSGSEND = YES;
				GCC_C_LANGUAGE_STANDARD = gnu99;
				GCC_NO_COMMON_BLOCKS = YES;
				GCC_WARN_64_TO_32_BIT_CONVERSION = YES;
				GCC_WARN_ABOUT_RETURN_TYPE = YES_ERROR;
				GCC_WARN_UNDECLARED_SELECTOR = YES;
				GCC_WARN_UNINITIALIZED_AUTOS = YES_AGGRESSIVE;
				GCC_WARN_UNUSED_FUNCTION = YES;
				GCC_WARN_UNUSED_VARIABLE = YES;
				IPHONEOS_DEPLOYMENT_TARGET = 9.3;
				MTL_ENABLE_DEBUG_INFO = NO;
				SDKROOT = iphoneos;
				TARGETED_DEVICE_FAMILY = "1,2";
				VALIDATE_PRODUCT = YES;
			};
			name = Release;
		};
		C42652DE1CD8081300F55843 /* Debug */ = {
			isa = XCBuildConfiguration;
			buildSettings = {
				ASSETCATALOG_COMPILER_APPICON_NAME = AppIcon;
				INFOPLIST_FILE = ColorSlider/Info.plist;
				LD_RUNPATH_SEARCH_PATHS = "$(inherited) @executable_path/Frameworks";
				PRODUCT_BUNDLE_IDENTIFIER = curtismcmillin.ColorSlider;
				PRODUCT_NAME = "$(TARGET_NAME)";
			};
			name = Debug;
		};
		C42652DF1CD8081300F55843 /* Release */ = {
			isa = XCBuildConfiguration;
			buildSettings = {
				ASSETCATALOG_COMPILER_APPICON_NAME = AppIcon;
				INFOPLIST_FILE = ColorSlider/Info.plist;
				LD_RUNPATH_SEARCH_PATHS = "$(inherited) @executable_path/Frameworks";
				PRODUCT_BUNDLE_IDENTIFIER = curtismcmillin.ColorSlider;
				PRODUCT_NAME = "$(TARGET_NAME)";
			};
			name = Release;
		};
		C42652E11CD8081300F55843 /* Debug */ = {
			isa = XCBuildConfiguration;
			buildSettings = {
				BUNDLE_LOADER = "$(TEST_HOST)";
				INFOPLIST_FILE = ColorSliderTests/Info.plist;
				LD_RUNPATH_SEARCH_PATHS = "$(inherited) @executable_path/Frameworks @loader_path/Frameworks";
				PRODUCT_BUNDLE_IDENTIFIER = curtismcmillin.ColorSliderTests;
				PRODUCT_NAME = "$(TARGET_NAME)";
				TEST_HOST = "$(BUILT_PRODUCTS_DIR)/ColorSlider.app/ColorSlider";
			};
			name = Debug;
		};
		C42652E21CD8081300F55843 /* Release */ = {
			isa = XCBuildConfiguration;
			buildSettings = {
				BUNDLE_LOADER = "$(TEST_HOST)";
				INFOPLIST_FILE = ColorSliderTests/Info.plist;
				LD_RUNPATH_SEARCH_PATHS = "$(inherited) @executable_path/Frameworks @loader_path/Frameworks";
				PRODUCT_BUNDLE_IDENTIFIER = curtismcmillin.ColorSliderTests;
				PRODUCT_NAME = "$(TARGET_NAME)";
				TEST_HOST = "$(BUILT_PRODUCTS_DIR)/ColorSlider.app/ColorSlider";
			};
			name = Release;
		};
		C42652E41CD8081300F55843 /* Debug */ = {
			isa = XCBuildConfiguration;
			buildSettings = {
				INFOPLIST_FILE = ColorSliderUITests/Info.plist;
				LD_RUNPATH_SEARCH_PATHS = "$(inherited) @executable_path/Frameworks @loader_path/Frameworks";
				PRODUCT_BUNDLE_IDENTIFIER = curtismcmillin.ColorSliderUITests;
				PRODUCT_NAME = "$(TARGET_NAME)";
				TEST_TARGET_NAME = ColorSlider;
			};
			name = Debug;
		};
		C42652E51CD8081300F55843 /* Release */ = {
			isa = XCBuildConfiguration;
			buildSettings = {
				INFOPLIST_FILE = ColorSliderUITests/Info.plist;
				LD_RUNPATH_SEARCH_PATHS = "$(inherited) @executable_path/Frameworks @loader_path/Frameworks";
				PRODUCT_BUNDLE_IDENTIFIER = curtismcmillin.ColorSliderUITests;
				PRODUCT_NAME = "$(TARGET_NAME)";
				TEST_TARGET_NAME = ColorSlider;
			};
			name = Release;
		};
/* End XCBuildConfiguration section */

/* Begin XCConfigurationList section */
		C42652B01CD8081300F55843 /* Build configuration list for PBXProject "ColorSlider" */ = {
			isa = XCConfigurationList;
			buildConfigurations = (
				C42652DB1CD8081300F55843 /* Debug */,
				C42652DC1CD8081300F55843 /* Release */,
			);
			defaultConfigurationIsVisible = 0;
			defaultConfigurationName = Release;
		};
		C42652DD1CD8081300F55843 /* Build configuration list for PBXNativeTarget "ColorSlider" */ = {
			isa = XCConfigurationList;
			buildConfigurations = (
				C42652DE1CD8081300F55843 /* Debug */,
				C42652DF1CD8081300F55843 /* Release */,
			);
			defaultConfigurationIsVisible = 0;
		};
		C42652E01CD8081300F55843 /* Build configuration list for PBXNativeTarget "ColorSliderTests" */ = {
			isa = XCConfigurationList;
			buildConfigurations = (
				C42652E11CD8081300F55843 /* Debug */,
				C42652E21CD8081300F55843 /* Release */,
			);
			defaultConfigurationIsVisible = 0;
		};
		C42652E31CD8081300F55843 /* Build configuration list for PBXNativeTarget "ColorSliderUITests" */ = {
			isa = XCConfigurationList;
			buildConfigurations = (
				C42652E41CD8081300F55843 /* Debug */,
				C42652E51CD8081300F55843 /* Release */,
			);
			defaultConfigurationIsVisible = 0;
		};
/* End XCConfigurationList section */
	};
	rootObject = C42652AD1CD8081300F55843 /* Project object */;
}
